
Microsoft Visual Studio Solution File, Format Version 12.00
# Visual Studio Version 17
VisualStudioVersion = 17.5.002.0
MinimumVisualStudioVersion = 10.0.40219.1
Project("{9A19103F-16F7-4668-BE54-9A1E7A4F7556}") = "Exo.WebApi", "Exo.WebApi.csproj", "{1C455A46-A105-4D9A-A0F2-CEFC1C53B193}"
EndProject
Global
	GlobalSection(SolutionConfigurationPlatforms) = preSolution
		Debug|Any CPU = Debug|Any CPU
		Release|Any CPU = Release|Any CPU
	EndGlobalSection
	GlobalSection(ProjectConfigurationPlatforms) = postSolution
		{1C455A46-A105-4D9A-A0F2-CEFC1C53B193}.Debug|Any CPU.ActiveCfg = Debug|Any CPU
		{1C455A46-A105-4D9A-A0F2-CEFC1C53B193}.Debug|Any CPU.Build.0 = Debug|Any CPU
		{1C455A46-A105-4D9A-A0F2-CEFC1C53B193}.Release|Any CPU.ActiveCfg = Release|Any CPU
		{1C455A46-A105-4D9A-A0F2-CEFC1C53B193}.Release|Any CPU.Build.0 = Release|Any CPU
	EndGlobalSection
	GlobalSection(SolutionProperties) = preSolution
		HideSolutionNode = FALSE
	EndGlobalSection
	GlobalSection(ExtensibilityGlobals) = postSolution
		SolutionGuid = {5BAF3811-AF7E-475F-8D6F-965BB759E29B}
	EndGlobalSection
EndGlobal
